// !$*UTF8*$!
{
	archiveVersion = 1;
	classes = {
	};
	objectVersion = 48;
	objects = {

/* Begin PBXBuildFile section */
		7B860BED211CEDE600166EB3 /* AppDelegate.swift in Sources */ = {isa = PBXBuildFile; fileRef = 7B860BEC211CEDE600166EB3 /* AppDelegate.swift */; };
		7B860BF2211CEDE600166EB3 /* Main.storyboard in Resources */ = {isa = PBXBuildFile; fileRef = 7B860BF0211CEDE600166EB3 /* Main.storyboard */; };
		7B860BF4211CEDE600166EB3 /* Assets.xcassets in Resources */ = {isa = PBXBuildFile; fileRef = 7B860BF3211CEDE600166EB3 /* Assets.xcassets */; };
		7B860BF7211CEDE600166EB3 /* LaunchScreen.storyboard in Resources */ = {isa = PBXBuildFile; fileRef = 7B860BF5211CEDE600166EB3 /* LaunchScreen.storyboard */; };
		7B860C02211CEDE600166EB3 /* HomepwnerTests.swift in Sources */ = {isa = PBXBuildFile; fileRef = 7B860C01211CEDE600166EB3 /* HomepwnerTests.swift */; };
		7B860C0D211CEDE600166EB3 /* HomepwnerUITests.swift in Sources */ = {isa = PBXBuildFile; fileRef = 7B860C0C211CEDE600166EB3 /* HomepwnerUITests.swift */; };
		7B860C1B211CF01900166EB3 /* ItemsViewController.swift in Sources */ = {isa = PBXBuildFile; fileRef = 7B860C1A211CF01900166EB3 /* ItemsViewController.swift */; };
		7B860C1D211CF0D000166EB3 /* Item.swift in Sources */ = {isa = PBXBuildFile; fileRef = 7B860C1C211CF0D000166EB3 /* Item.swift */; };
		7B860C1F211CF5E800166EB3 /* ItemStore.swift in Sources */ = {isa = PBXBuildFile; fileRef = 7B860C1E211CF5E800166EB3 /* ItemStore.swift */; };
/* End PBXBuildFile section */

/* Begin PBXContainerItemProxy section */
		7B860BFE211CEDE600166EB3 /* PBXContainerItemProxy */ = {
			isa = PBXContainerItemProxy;
			containerPortal = 7B860BE1211CEDE600166EB3 /* Project object */;
			proxyType = 1;
			remoteGlobalIDString = 7B860BE8211CEDE600166EB3;
			remoteInfo = Homepwner;
		};
		7B860C09211CEDE600166EB3 /* PBXContainerItemProxy */ = {
			isa = PBXContainerItemProxy;
			containerPortal = 7B860BE1211CEDE600166EB3 /* Project object */;
			proxyType = 1;
			remoteGlobalIDString = 7B860BE8211CEDE600166EB3;
			remoteInfo = Homepwner;
		};
/* End PBXContainerItemProxy section */

/* Begin PBXFileReference section */
		7B860BE9211CEDE600166EB3 /* Homepwner.app */ = {isa = PBXFileReference; explicitFileType = wrapper.application; includeInIndex = 0; path = Homepwner.app; sourceTree = BUILT_PRODUCTS_DIR; };
		7B860BEC211CEDE600166EB3 /* AppDelegate.swift */ = {isa = PBXFileReference; lastKnownFileType = sourcecode.swift; path = AppDelegate.swift; sourceTree = "<group>"; };
		7B860BF1211CEDE600166EB3 /* Base */ = {isa = PBXFileReference; lastKnownFileType = file.storyboard; name = Base; path = Base.lproj/Main.storyboard; sourceTree = "<group>"; };
		7B860BF3211CEDE600166EB3 /* Assets.xcassets */ = {isa = PBXFileReference; lastKnownFileType = folder.assetcatalog; path = Assets.xcassets; sourceTree = "<group>"; };
		7B860BF6211CEDE600166EB3 /* Base */ = {isa = PBXFileReference; lastKnownFileType = file.storyboard; name = Base; path = Base.lproj/LaunchScreen.storyboard; sourceTree = "<group>"; };
		7B860BF8211CEDE600166EB3 /* Info.plist */ = {isa = PBXFileReference; lastKnownFileType = text.plist.xml; path = Info.plist; sourceTree = "<group>"; };
		7B860BFD211CEDE600166EB3 /* HomepwnerTests.xctest */ = {isa = PBXFileReference; explicitFileType = wrapper.cfbundle; includeInIndex = 0; path = HomepwnerTests.xctest; sourceTree = BUILT_PRODUCTS_DIR; };
		7B860C01211CEDE600166EB3 /* HomepwnerTests.swift */ = {isa = PBXFileReference; lastKnownFileType = sourcecode.swift; path = HomepwnerTests.swift; sourceTree = "<group>"; };
		7B860C03211CEDE600166EB3 /* Info.plist */ = {isa = PBXFileReference; lastKnownFileType = text.plist.xml; path = Info.plist; sourceTree = "<group>"; };
		7B860C08211CEDE600166EB3 /* HomepwnerUITests.xctest */ = {isa = PBXFileReference; explicitFileType = wrapper.cfbundle; includeInIndex = 0; path = HomepwnerUITests.xctest; sourceTree = BUILT_PRODUCTS_DIR; };
		7B860C0C211CEDE600166EB3 /* HomepwnerUITests.swift */ = {isa = PBXFileReference; lastKnownFileType = sourcecode.swift; path = HomepwnerUITests.swift; sourceTree = "<group>"; };
		7B860C0E211CEDE600166EB3 /* Info.plist */ = {isa = PBXFileReference; lastKnownFileType = text.plist.xml; path = Info.plist; sourceTree = "<group>"; };
		7B860C1A211CF01900166EB3 /* ItemsViewController.swift */ = {isa = PBXFileReference; lastKnownFileType = sourcecode.swift; path = ItemsViewController.swift; sourceTree = "<group>"; };
		7B860C1C211CF0D000166EB3 /* Item.swift */ = {isa = PBXFileReference; lastKnownFileType = sourcecode.swift; path = Item.swift; sourceTree = "<group>"; };
		7B860C1E211CF5E800166EB3 /* ItemStore.swift */ = {isa = PBXFileReference; lastKnownFileType = sourcecode.swift; path = ItemStore.swift; sourceTree = "<group>"; };
/* End PBXFileReference section */

/* Begin PBXFrameworksBuildPhase section */
		7B860BE6211CEDE600166EB3 /* Frameworks */ = {
			isa = PBXFrameworksBuildPhase;
			buildActionMask = 2147483647;
			files = (
			);
			runOnlyForDeploymentPostprocessing = 0;
		};
		7B860BFA211CEDE600166EB3 /* Frameworks */ = {
			isa = PBXFrameworksBuildPhase;
			buildActionMask = 2147483647;
			files = (
			);
			runOnlyForDeploymentPostprocessing = 0;
		};
		7B860C05211CEDE600166EB3 /* Frameworks */ = {
			isa = PBXFrameworksBuildPhase;
			buildActionMask = 2147483647;
			files = (
			);
			runOnlyForDeploymentPostprocessing = 0;
		};
/* End PBXFrameworksBuildPhase section */

/* Begin PBXGroup section */
		7B860BE0211CEDE600166EB3 = {
			isa = PBXGroup;
			children = (
				7B860BEB211CEDE600166EB3 /* Homepwner */,
				7B860C00211CEDE600166EB3 /* HomepwnerTests */,
				7B860C0B211CEDE600166EB3 /* HomepwnerUITests */,
				7B860BEA211CEDE600166EB3 /* Products */,
			);
			sourceTree = "<group>";
		};
		7B860BEA211CEDE600166EB3 /* Products */ = {
			isa = PBXGroup;
			children = (
				7B860BE9211CEDE600166EB3 /* Homepwner.app */,
				7B860BFD211CEDE600166EB3 /* HomepwnerTests.xctest */,
				7B860C08211CEDE600166EB3 /* HomepwnerUITests.xctest */,
			);
			name = Products;
			sourceTree = "<group>";
		};
		7B860BEB211CEDE600166EB3 /* Homepwner */ = {
			isa = PBXGroup;
			children = (
				7B860BEC211CEDE600166EB3 /* AppDelegate.swift */,
				7B860BF0211CEDE600166EB3 /* Main.storyboard */,
				7B860BF3211CEDE600166EB3 /* Assets.xcassets */,
				7B860BF5211CEDE600166EB3 /* LaunchScreen.storyboard */,
				7B860BF8211CEDE600166EB3 /* Info.plist */,
				7B860C1A211CF01900166EB3 /* ItemsViewController.swift */,
				7B860C1C211CF0D000166EB3 /* Item.swift */,
				7B860C1E211CF5E800166EB3 /* ItemStore.swift */,
			);
			path = Homepwner;
			sourceTree = "<group>";
		};
		7B860C00211CEDE600166EB3 /* HomepwnerTests */ = {
			isa = PBXGroup;
			children = (
				7B860C01211CEDE600166EB3 /* HomepwnerTests.swift */,
				7B860C03211CEDE600166EB3 /* Info.plist */,
			);
			path = HomepwnerTests;
			sourceTree = "<group>";
		};
		7B860C0B211CEDE600166EB3 /* HomepwnerUITests */ = {
			isa = PBXGroup;
			children = (
				7B860C0C211CEDE600166EB3 /* HomepwnerUITests.swift */,
				7B860C0E211CEDE600166EB3 /* Info.plist */,
			);
			path = HomepwnerUITests;
			sourceTree = "<group>";
		};
/* End PBXGroup section */

/* Begin PBXNativeTarget section */
		7B860BE8211CEDE600166EB3 /* Homepwner */ = {
			isa = PBXNativeTarget;
			buildConfigurationList = 7B860C11211CEDE600166EB3 /* Build configuration list for PBXNativeTarget "Homepwner" */;
			buildPhases = (
				7B860BE5211CEDE600166EB3 /* Sources */,
				7B860BE6211CEDE600166EB3 /* Frameworks */,
				7B860BE7211CEDE600166EB3 /* Resources */,
			);
			buildRules = (
			);
			dependencies = (
			);
			name = Homepwner;
			productName = Homepwner;
			productReference = 7B860BE9211CEDE600166EB3 /* Homepwner.app */;
			productType = "com.apple.product-type.application";
		};
		7B860BFC211CEDE600166EB3 /* HomepwnerTests */ = {
			isa = PBXNativeTarget;
			buildConfigurationList = 7B860C14211CEDE600166EB3 /* Build configuration list for PBXNativeTarget "HomepwnerTests" */;
			buildPhases = (
				7B860BF9211CEDE600166EB3 /* Sources */,
				7B860BFA211CEDE600166EB3 /* Frameworks */,
				7B860BFB211CEDE600166EB3 /* Resources */,
			);
			buildRules = (
			);
			dependencies = (
				7B860BFF211CEDE600166EB3 /* PBXTargetDependency */,
			);
			name = HomepwnerTests;
			productName = HomepwnerTests;
			productReference = 7B860BFD211CEDE600166EB3 /* HomepwnerTests.xctest */;
			productType = "com.apple.product-type.bundle.unit-test";
		};
		7B860C07211CEDE600166EB3 /* HomepwnerUITests */ = {
			isa = PBXNativeTarget;
			buildConfigurationList = 7B860C17211CEDE600166EB3 /* Build configuration list for PBXNativeTarget "HomepwnerUITests" */;
			buildPhases = (
				7B860C04211CEDE600166EB3 /* Sources */,
				7B860C05211CEDE600166EB3 /* Frameworks */,
				7B860C06211CEDE600166EB3 /* Resources */,
			);
			buildRules = (
			);
			dependencies = (
				7B860C0A211CEDE600166EB3 /* PBXTargetDependency */,
			);
			name = HomepwnerUITests;
			productName = HomepwnerUITests;
			productReference = 7B860C08211CEDE600166EB3 /* HomepwnerUITests.xctest */;
			productType = "com.apple.product-type.bundle.ui-testing";
		};
/* End PBXNativeTarget section */

/* Begin PBXProject section */
		7B860BE1211CEDE600166EB3 /* Project object */ = {
			isa = PBXProject;
			attributes = {
				LastSwiftUpdateCheck = 0920;
				LastUpgradeCheck = 0920;
				ORGANIZATIONNAME = "Abtin Gramian";
				TargetAttributes = {
					7B860BE8211CEDE600166EB3 = {
						CreatedOnToolsVersion = 9.2;
						ProvisioningStyle = Automatic;
					};
					7B860BFC211CEDE600166EB3 = {
						CreatedOnToolsVersion = 9.2;
						ProvisioningStyle = Automatic;
						TestTargetID = 7B860BE8211CEDE600166EB3;
					};
					7B860C07211CEDE600166EB3 = {
						CreatedOnToolsVersion = 9.2;
						ProvisioningStyle = Automatic;
						TestTargetID = 7B860BE8211CEDE600166EB3;
					};
				};
			};
			buildConfigurationList = 7B860BE4211CEDE600166EB3 /* Build configuration list for PBXProject "Homepwner" */;
			compatibilityVersion = "Xcode 8.0";
			developmentRegion = en;
			hasScannedForEncodings = 0;
			knownRegions = (
				en,
				Base,
			);
			mainGroup = 7B860BE0211CEDE600166EB3;
			productRefGroup = 7B860BEA211CEDE600166EB3 /* Products */;
			projectDirPath = "";
			projectRoot = "";
			targets = (
				7B860BE8211CEDE600166EB3 /* Homepwner */,
				7B860BFC211CEDE600166EB3 /* HomepwnerTests */,
				7B860C07211CEDE600166EB3 /* HomepwnerUITests */,
			);
		};
/* End PBXProject section */

/* Begin PBXResourcesBuildPhase section */
		7B860BE7211CEDE600166EB3 /* Resources */ = {
			isa = PBXResourcesBuildPhase;
			buildActionMask = 2147483647;
			files = (
				7B860BF7211CEDE600166EB3 /* LaunchScreen.storyboard in Resources */,
				7B860BF4211CEDE600166EB3 /* Assets.xcassets in Resources */,
				7B860BF2211CEDE600166EB3 /* Main.storyboard in Resources */,
			);
			runOnlyForDeploymentPostprocessing = 0;
		};
		7B860BFB211CEDE600166EB3 /* Resources */ = {
			isa = PBXResourcesBuildPhase;
			buildActionMask = 2147483647;
			files = (
			);
			runOnlyForDeploymentPostprocessing = 0;
		};
		7B860C06211CEDE600166EB3 /* Resources */ = {
			isa = PBXResourcesBuildPhase;
			buildActionMask = 2147483647;
			files = (
			);
			runOnlyForDeploymentPostprocessing = 0;
		};
/* End PBXResourcesBuildPhase section */

/* Begin PBXSourcesBuildPhase section */
		7B860BE5211CEDE600166EB3 /* Sources */ = {
			isa = PBXSourcesBuildPhase;
			buildActionMask = 2147483647;
			files = (
				7B860C1B211CF01900166EB3 /* ItemsViewController.swift in Sources */,
				7B860C1D211CF0D000166EB3 /* Item.swift in Sources */,
				7B860C1F211CF5E800166EB3 /* ItemStore.swift in Sources */,
				7B860BED211CEDE600166EB3 /* AppDelegate.swift in Sources */,
			);
			runOnlyForDeploymentPostprocessing = 0;
		};
		7B860BF9211CEDE600166EB3 /* Sources */ = {
			isa = PBXSourcesBuildPhase;
			buildActionMask = 2147483647;
			files = (
				7B860C02211CEDE600166EB3 /* HomepwnerTests.swift in Sources */,
			);
			runOnlyForDeploymentPostprocessing = 0;
		};
		7B860C04211CEDE600166EB3 /* Sources */ = {
			isa = PBXSourcesBuildPhase;
			buildActionMask = 2147483647;
			files = (
				7B860C0D211CEDE600166EB3 /* HomepwnerUITests.swift in Sources */,
			);
			runOnlyForDeploymentPostprocessing = 0;
		};
/* End PBXSourcesBuildPhase section */

/* Begin PBXTargetDependency section */
		7B860BFF211CEDE600166EB3 /* PBXTargetDependency */ = {
			isa = PBXTargetDependency;
			target = 7B860BE8211CEDE600166EB3 /* Homepwner */;
			targetProxy = 7B860BFE211CEDE600166EB3 /* PBXContainerItemProxy */;
		};
		7B860C0A211CEDE600166EB3 /* PBXTargetDependency */ = {
			isa = PBXTargetDependency;
			target = 7B860BE8211CEDE600166EB3 /* Homepwner */;
			targetProxy = 7B860C09211CEDE600166EB3 /* PBXContainerItemProxy */;
		};
/* End PBXTargetDependency section */

/* Begin PBXVariantGroup section */
		7B860BF0211CEDE600166EB3 /* Main.storyboard */ = {
			isa = PBXVariantGroup;
			children = (
				7B860BF1211CEDE600166EB3 /* Base */,
			);
			name = Main.storyboard;
			sourceTree = "<group>";
		};
		7B860BF5211CEDE600166EB3 /* LaunchScreen.storyboard */ = {
			isa = PBXVariantGroup;
			children = (
				7B860BF6211CEDE600166EB3 /* Base */,
			);
			name = LaunchScreen.storyboard;
			sourceTree = "<group>";
		};
/* End PBXVariantGroup section */

/* Begin XCBuildConfiguration section */
		7B860C0F211CEDE600166EB3 /* Debug */ = {
			isa = XCBuildConfiguration;
			buildSettings = {
				ALWAYS_SEARCH_USER_PATHS = NO;
				CLANG_ANALYZER_NONNULL = YES;
				CLANG_ANALYZER_NUMBER_OBJECT_CONVERSION = YES_AGGRESSIVE;
				CLANG_CXX_LANGUAGE_STANDARD = "gnu++14";
				CLANG_CXX_LIBRARY = "libc++";
				CLANG_ENABLE_MODULES = YES;
				CLANG_ENABLE_OBJC_ARC = YES;
				CLANG_WARN_BLOCK_CAPTURE_AUTORELEASING = YES;
				CLANG_WARN_BOOL_CONVERSION = YES;
				CLANG_WARN_COMMA = YES;
				CLANG_WARN_CONSTANT_CONVERSION = YES;
				CLANG_WARN_DIRECT_OBJC_ISA_USAGE = YES_ERROR;
				CLANG_WARN_DOCUMENTATION_COMMENTS = YES;
				CLANG_WARN_EMPTY_BODY = YES;
				CLANG_WARN_ENUM_CONVERSION = YES;
				CLANG_WARN_INFINITE_RECURSION = YES;
				CLANG_WARN_INT_CONVERSION = YES;
				CLANG_WARN_NON_LITERAL_NULL_CONVERSION = YES;
				CLANG_WARN_OBJC_LITERAL_CONVERSION = YES;
				CLANG_WARN_OBJC_ROOT_CLASS = YES_ERROR;
				CLANG_WARN_RANGE_LOOP_ANALYSIS = YES;
				CLANG_WARN_STRICT_PROTOTYPES = YES;
				CLANG_WARN_SUSPICIOUS_MOVE = YES;
				CLANG_WARN_UNGUARDED_AVAILABILITY = YES_AGGRESSIVE;
				CLANG_WARN_UNREACHABLE_CODE = YES;
				CLANG_WARN__DUPLICATE_METHOD_MATCH = YES;
				CODE_SIGN_IDENTITY = "iPhone Developer";
				COPY_PHASE_STRIP = NO;
				DEBUG_INFORMATION_FORMAT = dwarf;
				ENABLE_STRICT_OBJC_MSGSEND = YES;
				ENABLE_TESTABILITY = YES;
				GCC_C_LANGUAGE_STANDARD = gnu11;
				GCC_DYNAMIC_NO_PIC = NO;
				GCC_NO_COMMON_BLOCKS = YES;
				GCC_OPTIMIZATION_LEVEL = 0;
				GCC_PREPROCESSOR_DEFINITIONS = (
					"DEBUG=1",
					"$(inherited)",
				);
				GCC_WARN_64_TO_32_BIT_CONVERSION = YES;
				GCC_WARN_ABOUT_RETURN_TYPE = YES_ERROR;
				GCC_WARN_UNDECLARED_SELECTOR = YES;
				GCC_WARN_UNINITIALIZED_AUTOS = YES_AGGRESSIVE;
				GCC_WARN_UNUSED_FUNCTION = YES;
				GCC_WARN_UNUSED_VARIABLE = YES;
				IPHONEOS_DEPLOYMENT_TARGET = 11.2;
				MTL_ENABLE_DEBUG_INFO = YES;
				ONLY_ACTIVE_ARCH = YES;
				SDKROOT = iphoneos;
				SWIFT_ACTIVE_COMPILATION_CONDITIONS = DEBUG;
				SWIFT_OPTIMIZATION_LEVEL = "-Onone";
			};
			name = Debug;
		};
		7B860C10211CEDE600166EB3 /* Release */ = {
			isa = XCBuildConfiguration;
			buildSettings = {
				ALWAYS_SEARCH_USER_PATHS = NO;
				CLANG_ANALYZER_NONNULL = YES;
				CLANG_ANALYZER_NUMBER_OBJECT_CONVERSION = YES_AGGRESSIVE;
				CLANG_CXX_LANGUAGE_STANDARD = "gnu++14";
				CLANG_CXX_LIBRARY = "libc++";
				CLANG_ENABLE_MODULES = YES;
				CLANG_ENABLE_OBJC_ARC = YES;
				CLANG_WARN_BLOCK_CAPTURE_AUTORELEASING = YES;
				CLANG_WARN_BOOL_CONVERSION = YES;
				CLANG_WARN_COMMA = YES;
				CLANG_WARN_CONSTANT_CONVERSION = YES;
				CLANG_WARN_DIRECT_OBJC_ISA_USAGE = YES_ERROR;
				CLANG_WARN_DOCUMENTATION_COMMENTS = YES;
				CLANG_WARN_EMPTY_BODY = YES;
				CLANG_WARN_ENUM_CONVERSION = YES;
				CLANG_WARN_INFINITE_RECURSION = YES;
				CLANG_WARN_INT_CONVERSION = YES;
				CLANG_WARN_NON_LITERAL_NULL_CONVERSION = YES;
				CLANG_WARN_OBJC_LITERAL_CONVERSION = YES;
				CLANG_WARN_OBJC_ROOT_CLASS = YES_ERROR;
				CLANG_WARN_RANGE_LOOP_ANALYSIS = YES;
				CLANG_WARN_STRICT_PROTOTYPES = YES;
				CLANG_WARN_SUSPICIOUS_MOVE = YES;
				CLANG_WARN_UNGUARDED_AVAILABILITY = YES_AGGRESSIVE;
				CLANG_WARN_UNREACHABLE_CODE = YES;
				CLANG_WARN__DUPLICATE_METHOD_MATCH = YES;
				CODE_SIGN_IDENTITY = "iPhone Developer";
				COPY_PHASE_STRIP = NO;
				DEBUG_INFORMATION_FORMAT = "dwarf-with-dsym";
				ENABLE_NS_ASSERTIONS = NO;
				ENABLE_STRICT_OBJC_MSGSEND = YES;
				GCC_C_LANGUAGE_STANDARD = gnu11;
				GCC_NO_COMMON_BLOCKS = YES;
				GCC_WARN_64_TO_32_BIT_CONVERSION = YES;
				GCC_WARN_ABOUT_RETURN_TYPE = YES_ERROR;
				GCC_WARN_UNDECLARED_SELECTOR = YES;
				GCC_WARN_UNINITIALIZED_AUTOS = YES_AGGRESSIVE;
				GCC_WARN_UNUSED_FUNCTION = YES;
				GCC_WARN_UNUSED_VARIABLE = YES;
				IPHONEOS_DEPLOYMENT_TARGET = 11.2;
				MTL_ENABLE_DEBUG_INFO = NO;
				SDKROOT = iphoneos;
				SWIFT_OPTIMIZATION_LEVEL = "-Owholemodule";
				VALIDATE_PRODUCT = YES;
			};
			name = Release;
		};
		7B860C12211CEDE600166EB3 /* Debug */ = {
			isa = XCBuildConfiguration;
			buildSettings = {
				ASSETCATALOG_COMPILER_APPICON_NAME = AppIcon;
				CODE_SIGN_STYLE = Automatic;
				INFOPLIST_FILE = Homepwner/Info.plist;
				LD_RUNPATH_SEARCH_PATHS = "$(inherited) @executable_path/Frameworks";
				PRODUCT_BUNDLE_IDENTIFIER = com.abtingramian.Homepwner;
				PRODUCT_NAME = "$(TARGET_NAME)";
				SWIFT_VERSION = 4.0;
				TARGETED_DEVICE_FAMILY = "1,2";
			};
			name = Debug;
		};
		7B860C13211CEDE600166EB3 /* Release */ = {
			isa = XCBuildConfiguration;
			buildSettings = {
				ASSETCATALOG_COMPILER_APPICON_NAME = AppIcon;
				CODE_SIGN_STYLE = Automatic;
				INFOPLIST_FILE = Homepwner/Info.plist;
				LD_RUNPATH_SEARCH_PATHS = "$(inherited) @executable_path/Frameworks";
				PRODUCT_BUNDLE_IDENTIFIER = com.abtingramian.Homepwner;
				PRODUCT_NAME = "$(TARGET_NAME)";
				SWIFT_VERSION = 4.0;
				TARGETED_DEVICE_FAMILY = "1,2";
			};
			name = Release;
		};
		7B860C15211CEDE600166EB3 /* Debug */ = {
			isa = XCBuildConfiguration;
			buildSettings = {
				ALWAYS_EMBED_SWIFT_STANDARD_LIBRARIES = YES;
				BUNDLE_LOADER = "$(TEST_HOST)";
				CODE_SIGN_STYLE = Automatic;
				INFOPLIST_FILE = HomepwnerTests/Info.plist;
				LD_RUNPATH_SEARCH_PATHS = "$(inherited) @executable_path/Frameworks @loader_path/Frameworks";
				PRODUCT_BUNDLE_IDENTIFIER = com.abtingramian.HomepwnerTests;
				PRODUCT_NAME = "$(TARGET_NAME)";
				SWIFT_VERSION = 4.0;
				TARGETED_DEVICE_FAMILY = "1,2";
				TEST_HOST = "$(BUILT_PRODUCTS_DIR)/Homepwner.app/Homepwner";
			};
			name = Debug;
		};
		7B860C16211CEDE600166EB3 /* Release */ = {
			isa = XCBuildConfiguration;
			buildSettings = {
				ALWAYS_EMBED_SWIFT_STANDARD_LIBRARIES = YES;
				BUNDLE_LOADER = "$(TEST_HOST)";
				CODE_SIGN_STYLE = Automatic;
				INFOPLIST_FILE = HomepwnerTests/Info.plist;
				LD_RUNPATH_SEARCH_PATHS = "$(inherited) @executable_path/Frameworks @loader_path/Frameworks";
				PRODUCT_BUNDLE_IDENTIFIER = com.abtingramian.HomepwnerTests;
				PRODUCT_NAME = "$(TARGET_NAME)";
				SWIFT_VERSION = 4.0;
				TARGETED_DEVICE_FAMILY = "1,2";
				TEST_HOST = "$(BUILT_PRODUCTS_DIR)/Homepwner.app/Homepwner";
			};
			name = Release;
		};
		7B860C18211CEDE600166EB3 /* Debug */ = {
			isa = XCBuildConfiguration;
			buildSettings = {
				ALWAYS_EMBED_SWIFT_STANDARD_LIBRARIES = YES;
				CODE_SIGN_STYLE = Automatic;
				INFOPLIST_FILE = HomepwnerUITests/Info.plist;
				LD_RUNPATH_SEARCH_PATHS = "$(inherited) @executable_path/Frameworks @loader_path/Frameworks";
				PRODUCT_BUNDLE_IDENTIFIER = com.abtingramian.HomepwnerUITests;
				PRODUCT_NAME = "$(TARGET_NAME)";
				SWIFT_VERSION = 4.0;
				TARGETED_DEVICE_FAMILY = "1,2";
				TEST_TARGET_NAME = Homepwner;
			};
			name = Debug;
		};
		7B860C19211CEDE600166EB3 /* Release */ = {
			isa = XCBuildConfiguration;
			buildSettings = {
				ALWAYS_EMBED_SWIFT_STANDARD_LIBRARIES = YES;
				CODE_SIGN_STYLE = Automatic;
				INFOPLIST_FILE = HomepwnerUITests/Info.plist;
				LD_RUNPATH_SEARCH_PATHS = "$(inherited) @executable_path/Frameworks @loader_path/Frameworks";
				PRODUCT_BUNDLE_IDENTIFIER = com.abtingramian.HomepwnerUITests;
				PRODUCT_NAME = "$(TARGET_NAME)";
				SWIFT_VERSION = 4.0;
				TARGETED_DEVICE_FAMILY = "1,2";
				TEST_TARGET_NAME = Homepwner;
			};
			name = Release;
		};
/* End XCBuildConfiguration section */

/* Begin XCConfigurationList section */
		7B860BE4211CEDE600166EB3 /* Build configuration list for PBXProject "Homepwner" */ = {
			isa = XCConfigurationList;
			buildConfigurations = (
				7B860C0F211CEDE600166EB3 /* Debug */,
				7B860C10211CEDE600166EB3 /* Release */,
			);
			defaultConfigurationIsVisible = 0;
			defaultConfigurationName = Release;
		};
		7B860C11211CEDE600166EB3 /* Build configuration list for PBXNativeTarget "Homepwner" */ = {
			isa = XCConfigurationList;
			buildConfigurations = (
				7B860C12211CEDE600166EB3 /* Debug */,
				7B860C13211CEDE600166EB3 /* Release */,
			);
			defaultConfigurationIsVisible = 0;
			defaultConfigurationName = Release;
		};
		7B860C14211CEDE600166EB3 /* Build configuration list for PBXNativeTarget "HomepwnerTests" */ = {
			isa = XCConfigurationList;
			buildConfigurations = (
				7B860C15211CEDE600166EB3 /* Debug */,
				7B860C16211CEDE600166EB3 /* Release */,
			);
			defaultConfigurationIsVisible = 0;
			defaultConfigurationName = Release;
		};
		7B860C17211CEDE600166EB3 /* Build configuration list for PBXNativeTarget "HomepwnerUITests" */ = {
			isa = XCConfigurationList;
			buildConfigurations = (
				7B860C18211CEDE600166EB3 /* Debug */,
				7B860C19211CEDE600166EB3 /* Release */,
			);
			defaultConfigurationIsVisible = 0;
			defaultConfigurationName = Release;
		};
/* End XCConfigurationList section */
	};
	rootObject = 7B860BE1211CEDE600166EB3 /* Project object */;
}
